
Microsoft Visual Studio Solution File, Format Version 12.00
# Visual Studio 2012
Project("{FAE04EC0-301F-11D3-BF4B-00C04F79EFBC}") = "CoreMark", "CoreMark\CoreMark.csproj", "{B9A4B442-7B9B-456B-8F4F-0789A43D9314}"
EndProject
Global
	GlobalSection(SolutionConfigurationPlatforms) = preSolution
		Debug|Any CPU = Debug|Any CPU
		Release|Any CPU = Release|Any CPU
	EndGlobalSection
	GlobalSection(ProjectConfigurationPlatforms) = postSolution
		{B9A4B442-7B9B-456B-8F4F-0789A43D9314}.Debug|Any CPU.ActiveCfg = Debug|Any CPU
		{B9A4B442-7B9B-456B-8F4F-0789A43D9314}.Debug|Any CPU.Build.0 = Debug|Any CPU
		{B9A4B442-7B9B-456B-8F4F-0789A43D9314}.Release|Any CPU.ActiveCfg = Release|Any CPU
		{B9A4B442-7B9B-456B-8F4F-0789A43D9314}.Release|Any CPU.Build.0 = Release|Any CPU
	EndGlobalSection
EndGlobal
